
Microsoft Visual Studio Solution File, Format Version 12.00
# Visual Studio Version 16
VisualStudioVersion = 16.0.29123.88
MinimumVisualStudioVersion = 10.0.40219.1
Project("{9A19103F-16F7-4668-BE54-9A1E7A4F7556}") = "ArmABot", "ArmABot.csproj", "{3D0F3797-E5F7-4843-9421-F9017A7838FF}"
EndProject
Project("{FAE04EC0-301F-11D3-BF4B-00C04F79EFBC}") = "XUnitArmABot", "..\XUnitArmABot\XUnitArmABot.csproj", "{6A4AAB41-F628-4406-A775-7C470CD8510C}"
EndProject
Global
	GlobalSection(SolutionConfigurationPlatforms) = preSolution
		Debug|Any CPU = Debug|Any CPU
		Release|Any CPU = Release|Any CPU
	EndGlobalSection
	GlobalSection(ProjectConfigurationPlatforms) = postSolution
		{3D0F3797-E5F7-4843-9421-F9017A7838FF}.Debug|Any CPU.ActiveCfg = Debug|Any CPU
		{3D0F3797-E5F7-4843-9421-F9017A7838FF}.Debug|Any CPU.Build.0 = Debug|Any CPU
		{3D0F3797-E5F7-4843-9421-F9017A7838FF}.Release|Any CPU.ActiveCfg = Release|Any CPU
		{3D0F3797-E5F7-4843-9421-F9017A7838FF}.Release|Any CPU.Build.0 = Release|Any CPU
		{6A4AAB41-F628-4406-A775-7C470CD8510C}.Debug|Any CPU.ActiveCfg = Debug|Any CPU
		{6A4AAB41-F628-4406-A775-7C470CD8510C}.Debug|Any CPU.Build.0 = Debug|Any CPU
		{6A4AAB41-F628-4406-A775-7C470CD8510C}.Release|Any CPU.ActiveCfg = Release|Any CPU
		{6A4AAB41-F628-4406-A775-7C470CD8510C}.Release|Any CPU.Build.0 = Release|Any CPU
	EndGlobalSection
	GlobalSection(SolutionProperties) = preSolution
		HideSolutionNode = FALSE
	EndGlobalSection
	GlobalSection(ExtensibilityGlobals) = postSolution
		SolutionGuid = {596F69B6-8278-49DA-91B2-0AA4FDDB61C0}
	EndGlobalSection
EndGlobal
